
Microsoft Visual Studio Solution File, Format Version 12.00
# Visual Studio Version 17
VisualStudioVersion = 17.5.2.0
MinimumVisualStudioVersion = 10.0.40219.1
Project("{FAE04EC0-301F-11D3-BF4B-00C04F79EFBC}") = "ProjetoRl.API", "ProjetoRl.API\ProjetoRl.API.csproj", "{F94CB300-E82D-F9CC-1B8A-11361FED39AE}"
EndProject
Project("{FAE04EC0-301F-11D3-BF4B-00C04F79EFBC}") = "ProjetoRl.Domain", "ProjetoRl.Domain\ProjetoRl.Domain.csproj", "{06BBCB21-FA64-4CCD-BDA4-3E33C135FFB3}"
EndProject
Project("{2150E333-8FDC-42A3-9474-1A3956D46DE8}") = "Infra", "Infra", "{30258541-D0D8-F3FD-D559-E63D6BF074C2}"
EndProject
Project("{2150E333-8FDC-42A3-9474-1A3956D46DE8}") = "Data", "Data", "{9B3123B5-958F-416B-3C3B-68EFDC98CCDC}"
EndProject
Project("{2150E333-8FDC-42A3-9474-1A3956D46DE8}") = "Repositories", "Repositories", "{F260331E-31FD-AA42-9B56-AD77A362E896}"
EndProject
Project("{2150E333-8FDC-42A3-9474-1A3956D46DE8}") = "MongoDB", "MongoDB", "{E650FA55-A665-3CB6-AECD-CB04653CD91A}"
EndProject
Project("{2150E333-8FDC-42A3-9474-1A3956D46DE8}") = "Implementation", "Implementation", "{7EE7170D-7B19-64F5-A0BD-B4ACF916C264}"
EndProject
Project("{FAE04EC0-301F-11D3-BF4B-00C04F79EFBC}") = "RepositoriesMongoDB", "Infra\Data\Repositories\MongoDB\Implementation\RepositoriesMongoDB.csproj", "{C240E638-BD3E-4600-9FAF-710386F7D282}"
EndProject
Project("{2150E333-8FDC-42A3-9474-1A3956D46DE8}") = "Migrations", "Migrations", "{8D69A7A2-4941-B352-0E30-1D2B91329277}"
EndProject
Project("{FAE04EC0-301F-11D3-BF4B-00C04F79EFBC}") = "MigrationsMongoDB", "Infra\Data\Repositories\MongoDB\Migrations\MigrationsMongoDB.csproj", "{ADF36625-7F1A-4E5E-A606-6D47DD76CE3B}"
EndProject
Project("{2150E333-8FDC-42A3-9474-1A3956D46DE8}") = "ProjetoRl.Commom", "ProjetoRl.Commom", "{7C3AC2A8-2588-62CA-0684-009ED843F56F}"
EndProject
Project("{FAE04EC0-301F-11D3-BF4B-00C04F79EFBC}") = "Commom", "ProjetoRl.Commom\Commom.csproj", "{05E71DC5-BB01-4A88-A0B5-52B55FEFAE41}"
EndProject
Global
	GlobalSection(SolutionConfigurationPlatforms) = preSolution
		Debug|Any CPU = Debug|Any CPU
		Debug|x64 = Debug|x64
		Debug|x86 = Debug|x86
		Release|Any CPU = Release|Any CPU
		Release|x64 = Release|x64
		Release|x86 = Release|x86
	EndGlobalSection
	GlobalSection(ProjectConfigurationPlatforms) = postSolution
		{F94CB300-E82D-F9CC-1B8A-11361FED39AE}.Debug|Any CPU.ActiveCfg = Debug|Any CPU
		{F94CB300-E82D-F9CC-1B8A-11361FED39AE}.Debug|Any CPU.Build.0 = Debug|Any CPU
		{F94CB300-E82D-F9CC-1B8A-11361FED39AE}.Debug|x64.ActiveCfg = Debug|Any CPU
		{F94CB300-E82D-F9CC-1B8A-11361FED39AE}.Debug|x64.Build.0 = Debug|Any CPU
		{F94CB300-E82D-F9CC-1B8A-11361FED39AE}.Debug|x86.ActiveCfg = Debug|Any CPU
		{F94CB300-E82D-F9CC-1B8A-11361FED39AE}.Debug|x86.Build.0 = Debug|Any CPU
		{F94CB300-E82D-F9CC-1B8A-11361FED39AE}.Release|Any CPU.ActiveCfg = Release|Any CPU
		{F94CB300-E82D-F9CC-1B8A-11361FED39AE}.Release|Any CPU.Build.0 = Release|Any CPU
		{F94CB300-E82D-F9CC-1B8A-11361FED39AE}.Release|x64.ActiveCfg = Release|Any CPU
		{F94CB300-E82D-F9CC-1B8A-11361FED39AE}.Release|x64.Build.0 = Release|Any CPU
		{F94CB300-E82D-F9CC-1B8A-11361FED39AE}.Release|x86.ActiveCfg = Release|Any CPU
		{F94CB300-E82D-F9CC-1B8A-11361FED39AE}.Release|x86.Build.0 = Release|Any CPU
		{06BBCB21-FA64-4CCD-BDA4-3E33C135FFB3}.Debug|Any CPU.ActiveCfg = Debug|Any CPU
		{06BBCB21-FA64-4CCD-BDA4-3E33C135FFB3}.Debug|Any CPU.Build.0 = Debug|Any CPU
		{06BBCB21-FA64-4CCD-BDA4-3E33C135FFB3}.Debug|x64.ActiveCfg = Debug|Any CPU
		{06BBCB21-FA64-4CCD-BDA4-3E33C135FFB3}.Debug|x64.Build.0 = Debug|Any CPU
		{06BBCB21-FA64-4CCD-BDA4-3E33C135FFB3}.Debug|x86.ActiveCfg = Debug|Any CPU
		{06BBCB21-FA64-4CCD-BDA4-3E33C135FFB3}.Debug|x86.Build.0 = Debug|Any CPU
		{06BBCB21-FA64-4CCD-BDA4-3E33C135FFB3}.Release|Any CPU.ActiveCfg = Release|Any CPU
		{06BBCB21-FA64-4CCD-BDA4-3E33C135FFB3}.Release|Any CPU.Build.0 = Release|Any CPU
		{06BBCB21-FA64-4CCD-BDA4-3E33C135FFB3}.Release|x64.ActiveCfg = Release|Any CPU
		{06BBCB21-FA64-4CCD-BDA4-3E33C135FFB3}.Release|x64.Build.0 = Release|Any CPU
		{06BBCB21-FA64-4CCD-BDA4-3E33C135FFB3}.Release|x86.ActiveCfg = Release|Any CPU
		{06BBCB21-FA64-4CCD-BDA4-3E33C135FFB3}.Release|x86.Build.0 = Release|Any CPU
		{C240E638-BD3E-4600-9FAF-710386F7D282}.Debug|Any CPU.ActiveCfg = Debug|Any CPU
		{C240E638-BD3E-4600-9FAF-710386F7D282}.Debug|Any CPU.Build.0 = Debug|Any CPU
		{C240E638-BD3E-4600-9FAF-710386F7D282}.Debug|x64.ActiveCfg = Debug|Any CPU
		{C240E638-BD3E-4600-9FAF-710386F7D282}.Debug|x64.Build.0 = Debug|Any CPU
		{C240E638-BD3E-4600-9FAF-710386F7D282}.Debug|x86.ActiveCfg = Debug|Any CPU
		{C240E638-BD3E-4600-9FAF-710386F7D282}.Debug|x86.Build.0 = Debug|Any CPU
		{C240E638-BD3E-4600-9FAF-710386F7D282}.Release|Any CPU.ActiveCfg = Release|Any CPU
		{C240E638-BD3E-4600-9FAF-710386F7D282}.Release|Any CPU.Build.0 = Release|Any CPU
		{C240E638-BD3E-4600-9FAF-710386F7D282}.Release|x64.ActiveCfg = Release|Any CPU
		{C240E638-BD3E-4600-9FAF-710386F7D282}.Release|x64.Build.0 = Release|Any CPU
		{C240E638-BD3E-4600-9FAF-710386F7D282}.Release|x86.ActiveCfg = Release|Any CPU
		{C240E638-BD3E-4600-9FAF-710386F7D282}.Release|x86.Build.0 = Release|Any CPU
		{ADF36625-7F1A-4E5E-A606-6D47DD76CE3B}.Debug|Any CPU.ActiveCfg = Debug|Any CPU
		{ADF36625-7F1A-4E5E-A606-6D47DD76CE3B}.Debug|Any CPU.Build.0 = Debug|Any CPU
		{ADF36625-7F1A-4E5E-A606-6D47DD76CE3B}.Debug|x64.ActiveCfg = Debug|Any CPU
		{ADF36625-7F1A-4E5E-A606-6D47DD76CE3B}.Debug|x64.Build.0 = Debug|Any CPU
		{ADF36625-7F1A-4E5E-A606-6D47DD76CE3B}.Debug|x86.ActiveCfg = Debug|Any CPU
		{ADF36625-7F1A-4E5E-A606-6D47DD76CE3B}.Debug|x86.Build.0 = Debug|Any CPU
		{ADF36625-7F1A-4E5E-A606-6D47DD76CE3B}.Release|Any CPU.ActiveCfg = Release|Any CPU
		{ADF36625-7F1A-4E5E-A606-6D47DD76CE3B}.Release|Any CPU.Build.0 = Release|Any CPU
		{ADF36625-7F1A-4E5E-A606-6D47DD76CE3B}.Release|x64.ActiveCfg = Release|Any CPU
		{ADF36625-7F1A-4E5E-A606-6D47DD76CE3B}.Release|x64.Build.0 = Release|Any CPU
		{ADF36625-7F1A-4E5E-A606-6D47DD76CE3B}.Release|x86.ActiveCfg = Release|Any CPU
		{ADF36625-7F1A-4E5E-A606-6D47DD76CE3B}.Release|x86.Build.0 = Release|Any CPU
		{05E71DC5-BB01-4A88-A0B5-52B55FEFAE41}.Debug|Any CPU.ActiveCfg = Debug|Any CPU
		{05E71DC5-BB01-4A88-A0B5-52B55FEFAE41}.Debug|Any CPU.Build.0 = Debug|Any CPU
		{05E71DC5-BB01-4A88-A0B5-52B55FEFAE41}.Debug|x64.ActiveCfg = Debug|Any CPU
		{05E71DC5-BB01-4A88-A0B5-52B55FEFAE41}.Debug|x64.Build.0 = Debug|Any CPU
		{05E71DC5-BB01-4A88-A0B5-52B55FEFAE41}.Debug|x86.ActiveCfg = Debug|Any CPU
		{05E71DC5-BB01-4A88-A0B5-52B55FEFAE41}.Debug|x86.Build.0 = Debug|Any CPU
		{05E71DC5-BB01-4A88-A0B5-52B55FEFAE41}.Release|Any CPU.ActiveCfg = Release|Any CPU
		{05E71DC5-BB01-4A88-A0B5-52B55FEFAE41}.Release|Any CPU.Build.0 = Release|Any CPU
		{05E71DC5-BB01-4A88-A0B5-52B55FEFAE41}.Release|x64.ActiveCfg = Release|Any CPU
		{05E71DC5-BB01-4A88-A0B5-52B55FEFAE41}.Release|x64.Build.0 = Release|Any CPU
		{05E71DC5-BB01-4A88-A0B5-52B55FEFAE41}.Release|x86.ActiveCfg = Release|Any CPU
		{05E71DC5-BB01-4A88-A0B5-52B55FEFAE41}.Release|x86.Build.0 = Release|Any CPU
	EndGlobalSection
	GlobalSection(SolutionProperties) = preSolution
		HideSolutionNode = FALSE
	EndGlobalSection
	GlobalSection(NestedProjects) = preSolution
		{9B3123B5-958F-416B-3C3B-68EFDC98CCDC} = {30258541-D0D8-F3FD-D559-E63D6BF074C2}
		{F260331E-31FD-AA42-9B56-AD77A362E896} = {9B3123B5-958F-416B-3C3B-68EFDC98CCDC}
		{E650FA55-A665-3CB6-AECD-CB04653CD91A} = {F260331E-31FD-AA42-9B56-AD77A362E896}
		{7EE7170D-7B19-64F5-A0BD-B4ACF916C264} = {E650FA55-A665-3CB6-AECD-CB04653CD91A}
		{C240E638-BD3E-4600-9FAF-710386F7D282} = {7EE7170D-7B19-64F5-A0BD-B4ACF916C264}
		{8D69A7A2-4941-B352-0E30-1D2B91329277} = {E650FA55-A665-3CB6-AECD-CB04653CD91A}
		{ADF36625-7F1A-4E5E-A606-6D47DD76CE3B} = {8D69A7A2-4941-B352-0E30-1D2B91329277}
		{05E71DC5-BB01-4A88-A0B5-52B55FEFAE41} = {7C3AC2A8-2588-62CA-0684-009ED843F56F}
	EndGlobalSection
	GlobalSection(ExtensibilityGlobals) = postSolution
		SolutionGuid = {A19AB062-9B9A-4952-A00F-DAB2FCAA586F}
	EndGlobalSection
EndGlobal
