
Microsoft Visual Studio Solution File, Format Version 12.00
# Visual Studio Version 17
VisualStudioVersion = 17.5.2.0
MinimumVisualStudioVersion = 10.0.40219.1
Project("{FAE04EC0-301F-11D3-BF4B-00C04F79EFBC}") = "ProjetoRl.API", "ProjetoRl.API\ProjetoRl.API.csproj", "{F94CB300-E82D-F9CC-1B8A-11361FED39AE}"
EndProject
Project("{FAE04EC0-301F-11D3-BF4B-00C04F79EFBC}") = "ProjetoRl.Domain", "ProjetoRl.Domain\ProjetoRl.Domain.csproj", "{06BBCB21-FA64-4CCD-BDA4-3E33C135FFB3}"
EndProject
Global
	GlobalSection(SolutionConfigurationPlatforms) = preSolution
		Debug|Any CPU = Debug|Any CPU
		Debug|x64 = Debug|x64
		Debug|x86 = Debug|x86
		Release|Any CPU = Release|Any CPU
		Release|x64 = Release|x64
		Release|x86 = Release|x86
	EndGlobalSection
	GlobalSection(ProjectConfigurationPlatforms) = postSolution
		{F94CB300-E82D-F9CC-1B8A-11361FED39AE}.Debug|Any CPU.ActiveCfg = Debug|Any CPU
		{F94CB300-E82D-F9CC-1B8A-11361FED39AE}.Debug|Any CPU.Build.0 = Debug|Any CPU
		{F94CB300-E82D-F9CC-1B8A-11361FED39AE}.Debug|x64.ActiveCfg = Debug|Any CPU
		{F94CB300-E82D-F9CC-1B8A-11361FED39AE}.Debug|x64.Build.0 = Debug|Any CPU
		{F94CB300-E82D-F9CC-1B8A-11361FED39AE}.Debug|x86.ActiveCfg = Debug|Any CPU
		{F94CB300-E82D-F9CC-1B8A-11361FED39AE}.Debug|x86.Build.0 = Debug|Any CPU
		{F94CB300-E82D-F9CC-1B8A-11361FED39AE}.Release|Any CPU.ActiveCfg = Release|Any CPU
		{F94CB300-E82D-F9CC-1B8A-11361FED39AE}.Release|Any CPU.Build.0 = Release|Any CPU
		{F94CB300-E82D-F9CC-1B8A-11361FED39AE}.Release|x64.ActiveCfg = Release|Any CPU
		{F94CB300-E82D-F9CC-1B8A-11361FED39AE}.Release|x64.Build.0 = Release|Any CPU
		{F94CB300-E82D-F9CC-1B8A-11361FED39AE}.Release|x86.ActiveCfg = Release|Any CPU
		{F94CB300-E82D-F9CC-1B8A-11361FED39AE}.Release|x86.Build.0 = Release|Any CPU
		{06BBCB21-FA64-4CCD-BDA4-3E33C135FFB3}.Debug|Any CPU.ActiveCfg = Debug|Any CPU
		{06BBCB21-FA64-4CCD-BDA4-3E33C135FFB3}.Debug|Any CPU.Build.0 = Debug|Any CPU
		{06BBCB21-FA64-4CCD-BDA4-3E33C135FFB3}.Debug|x64.ActiveCfg = Debug|Any CPU
		{06BBCB21-FA64-4CCD-BDA4-3E33C135FFB3}.Debug|x64.Build.0 = Debug|Any CPU
		{06BBCB21-FA64-4CCD-BDA4-3E33C135FFB3}.Debug|x86.ActiveCfg = Debug|Any CPU
		{06BBCB21-FA64-4CCD-BDA4-3E33C135FFB3}.Debug|x86.Build.0 = Debug|Any CPU
		{06BBCB21-FA64-4CCD-BDA4-3E33C135FFB3}.Release|Any CPU.ActiveCfg = Release|Any CPU
		{06BBCB21-FA64-4CCD-BDA4-3E33C135FFB3}.Release|Any CPU.Build.0 = Release|Any CPU
		{06BBCB21-FA64-4CCD-BDA4-3E33C135FFB3}.Release|x64.ActiveCfg = Release|Any CPU
		{06BBCB21-FA64-4CCD-BDA4-3E33C135FFB3}.Release|x64.Build.0 = Release|Any CPU
		{06BBCB21-FA64-4CCD-BDA4-3E33C135FFB3}.Release|x86.ActiveCfg = Release|Any CPU
		{06BBCB21-FA64-4CCD-BDA4-3E33C135FFB3}.Release|x86.Build.0 = Release|Any CPU
	EndGlobalSection
	GlobalSection(SolutionProperties) = preSolution
		HideSolutionNode = FALSE
	EndGlobalSection
	GlobalSection(ExtensibilityGlobals) = postSolution
		SolutionGuid = {A19AB062-9B9A-4952-A00F-DAB2FCAA586F}
	EndGlobalSection
EndGlobal
